
Microsoft Visual Studio Solution File, Format Version 12.00
# Visual Studio Version 16
VisualStudioVersion = 16.0.29025.244
MinimumVisualStudioVersion = 10.0.40219.1
Project("{FAE04EC0-301F-11D3-BF4B-00C04F79EFBC}") = "Singleton", "Singleton\Singleton.csproj", "{07B26692-F088-4485-B0A0-17772CBDEA93}"
EndProject
Global
	GlobalSection(SolutionConfigurationPlatforms) = preSolution
		Debug|Any CPU = Debug|Any CPU
		Release|Any CPU = Release|Any CPU
	EndGlobalSection
	GlobalSection(ProjectConfigurationPlatforms) = postSolution
		{07B26692-F088-4485-B0A0-17772CBDEA93}.Debug|Any CPU.ActiveCfg = Debug|Any CPU
		{07B26692-F088-4485-B0A0-17772CBDEA93}.Debug|Any CPU.Build.0 = Debug|Any CPU
		{07B26692-F088-4485-B0A0-17772CBDEA93}.Release|Any CPU.ActiveCfg = Release|Any CPU
		{07B26692-F088-4485-B0A0-17772CBDEA93}.Release|Any CPU.Build.0 = Release|Any CPU
	EndGlobalSection
	GlobalSection(SolutionProperties) = preSolution
		HideSolutionNode = FALSE
	EndGlobalSection
	GlobalSection(ExtensibilityGlobals) = postSolution
		SolutionGuid = {2DD38CD5-2395-47DC-8C87-465F29FE59BF}
	EndGlobalSection
EndGlobal
