
Microsoft Visual Studio Solution File, Format Version 12.00
# Visual Studio Version 16
VisualStudioVersion = 16.0.29025.244
MinimumVisualStudioVersion = 10.0.40219.1
Project("{FAE04EC0-301F-11D3-BF4B-00C04F79EFBC}") = "AbstractFactory", "AbstractFactory\AbstractFactory.csproj", "{391F341F-D2CF-4234-A579-D3A57EE69627}"
EndProject
Global
	GlobalSection(SolutionConfigurationPlatforms) = preSolution
		Debug|Any CPU = Debug|Any CPU
		Release|Any CPU = Release|Any CPU
	EndGlobalSection
	GlobalSection(ProjectConfigurationPlatforms) = postSolution
		{391F341F-D2CF-4234-A579-D3A57EE69627}.Debug|Any CPU.ActiveCfg = Debug|Any CPU
		{391F341F-D2CF-4234-A579-D3A57EE69627}.Debug|Any CPU.Build.0 = Debug|Any CPU
		{391F341F-D2CF-4234-A579-D3A57EE69627}.Release|Any CPU.ActiveCfg = Release|Any CPU
		{391F341F-D2CF-4234-A579-D3A57EE69627}.Release|Any CPU.Build.0 = Release|Any CPU
	EndGlobalSection
	GlobalSection(SolutionProperties) = preSolution
		HideSolutionNode = FALSE
	EndGlobalSection
	GlobalSection(ExtensibilityGlobals) = postSolution
		SolutionGuid = {DA0EDFA7-0A07-4D7F-8621-70EC1F3B598A}
	EndGlobalSection
EndGlobal
