
Microsoft Visual Studio Solution File, Format Version 12.00
# Visual Studio Version 16
VisualStudioVersion = 16.0.29025.244
MinimumVisualStudioVersion = 10.0.40219.1
Project("{FAE04EC0-301F-11D3-BF4B-00C04F79EFBC}") = "Builder", "Builder\Builder.csproj", "{0DEEEDE5-59EF-437C-B5F5-7A6017C68742}"
EndProject
Global
	GlobalSection(SolutionConfigurationPlatforms) = preSolution
		Debug|Any CPU = Debug|Any CPU
		Release|Any CPU = Release|Any CPU
	EndGlobalSection
	GlobalSection(ProjectConfigurationPlatforms) = postSolution
		{0DEEEDE5-59EF-437C-B5F5-7A6017C68742}.Debug|Any CPU.ActiveCfg = Debug|Any CPU
		{0DEEEDE5-59EF-437C-B5F5-7A6017C68742}.Debug|Any CPU.Build.0 = Debug|Any CPU
		{0DEEEDE5-59EF-437C-B5F5-7A6017C68742}.Release|Any CPU.ActiveCfg = Release|Any CPU
		{0DEEEDE5-59EF-437C-B5F5-7A6017C68742}.Release|Any CPU.Build.0 = Release|Any CPU
	EndGlobalSection
	GlobalSection(SolutionProperties) = preSolution
		HideSolutionNode = FALSE
	EndGlobalSection
	GlobalSection(ExtensibilityGlobals) = postSolution
		SolutionGuid = {8559573C-169F-4440-BC34-CBC1BC52BE88}
	EndGlobalSection
EndGlobal
