
Microsoft Visual Studio Solution File, Format Version 12.00
# Visual Studio 15
VisualStudioVersion = 15.0.28307.705
MinimumVisualStudioVersion = 10.0.40219.1
Project("{FAE04EC0-301F-11D3-BF4B-00C04F79EFBC}") = "DecoratorPattern", "DecoratorPattern\DecoratorPattern.csproj", "{8F1DC2BA-FABA-45E2-9FF8-51C07D4B6786}"
EndProject
Global
	GlobalSection(SolutionConfigurationPlatforms) = preSolution
		Debug|Any CPU = Debug|Any CPU
		Release|Any CPU = Release|Any CPU
	EndGlobalSection
	GlobalSection(ProjectConfigurationPlatforms) = postSolution
		{8F1DC2BA-FABA-45E2-9FF8-51C07D4B6786}.Debug|Any CPU.ActiveCfg = Debug|Any CPU
		{8F1DC2BA-FABA-45E2-9FF8-51C07D4B6786}.Debug|Any CPU.Build.0 = Debug|Any CPU
		{8F1DC2BA-FABA-45E2-9FF8-51C07D4B6786}.Release|Any CPU.ActiveCfg = Release|Any CPU
		{8F1DC2BA-FABA-45E2-9FF8-51C07D4B6786}.Release|Any CPU.Build.0 = Release|Any CPU
	EndGlobalSection
	GlobalSection(SolutionProperties) = preSolution
		HideSolutionNode = FALSE
	EndGlobalSection
	GlobalSection(ExtensibilityGlobals) = postSolution
		SolutionGuid = {21844AA2-4BCF-4A04-AAFE-D84AB8D66566}
	EndGlobalSection
EndGlobal
